// !$*UTF8*$!
{
	archiveVersion = 1;
	classes = {
	};
	objectVersion = 46;
	objects = {

/* Begin PBXBuildFile section */
		74724B7D1C5E39BE00AE24D3 /* main.m in Sources */ = {isa = PBXBuildFile; fileRef = 74724B7C1C5E39BE00AE24D3 /* main.m */; };
		74724B801C5E39BE00AE24D3 /* AppDelegate.mm in Sources */ = {isa = PBXBuildFile; fileRef = 74724B7F1C5E39BE00AE24D3 /* AppDelegate.mm */; };
		74724B831C5E39BE00AE24D3 /* ViewController.mm in Sources */ = {isa = PBXBuildFile; fileRef = 74724B821C5E39BE00AE24D3 /* ViewController.mm */; };
		74724B861C5E39BE00AE24D3 /* Main.storyboard in Resources */ = {isa = PBXBuildFile; fileRef = 74724B841C5E39BE00AE24D3 /* Main.storyboard */; };
		74724B881C5E39BE00AE24D3 /* Assets.xcassets in Resources */ = {isa = PBXBuildFile; fileRef = 74724B871C5E39BE00AE24D3 /* Assets.xcassets */; };
		74724B8B1C5E39BE00AE24D3 /* LaunchScreen.storyboard in Resources */ = {isa = PBXBuildFile; fileRef = 74724B891C5E39BE00AE24D3 /* LaunchScreen.storyboard */; };
		74724B961C5E39BE00AE24D3 /* Object_DetectorTests.m in Sources */ = {isa = PBXBuildFile; fileRef = 74724B951C5E39BE00AE24D3 /* Object_DetectorTests.m */; };
		7483AC291C60ACEB00090176 /* BMHomeViewController.m in Sources */ = {isa = PBXBuildFile; fileRef = 7483AC281C60ACEB00090176 /* BMHomeViewController.m */; };
		74B5AFE01C6A39AF00D776F5 /* openhand-detector.svm in Resources */ = {isa = PBXBuildFile; fileRef = 74B5AFDF1C6A39AF00D776F5 /* openhand-detector.svm */; };
		74BD2D281C5E756C007C2CB3 /* BMHelper.mm in Sources */ = {isa = PBXBuildFile; fileRef = 74BD2D271C5E756C007C2CB3 /* BMHelper.mm */; };
		74BD2D2B1C5E75A4007C2CB3 /* BMVideoLayer.mm in Sources */ = {isa = PBXBuildFile; fileRef = 74BD2D2A1C5E75A4007C2CB3 /* BMVideoLayer.mm */; };
		74BD2D341C5E799A007C2CB3 /* BMVideoInput.mm in Sources */ = {isa = PBXBuildFile; fileRef = 74BD2D331C5E799A007C2CB3 /* BMVideoInput.mm */; };
		74BD2D421C5EB4BB007C2CB3 /* BMObjectDetector.mm in Sources */ = {isa = PBXBuildFile; fileRef = 74BD2D411C5EB4BB007C2CB3 /* BMObjectDetector.mm */; };
		74BD2D4E1C5EBB63007C2CB3 /* BMObjectDetectorVideoPlugin.mm in Sources */ = {isa = PBXBuildFile; fileRef = 74BD2D4D1C5EBB63007C2CB3 /* BMObjectDetectorVideoPlugin.mm */; };
		74BD2D501C5EBBCE007C2CB3 /* face-detector.svm in Resources */ = {isa = PBXBuildFile; fileRef = 74BD2D4F1C5EBBCE007C2CB3 /* face-detector.svm */; };
		74C21FF61C5FE054006D1E8D /* BMObjectView.m in Sources */ = {isa = PBXBuildFile; fileRef = 74C21FF51C5FE054006D1E8D /* BMObjectView.m */; };
		74C21FF81C5FE17E006D1E8D /* scene.scnassets in Resources */ = {isa = PBXBuildFile; fileRef = 74C21FF71C5FE17E006D1E8D /* scene.scnassets */; };
		74C93EB21C5F9E3100D9AA9E /* firefox-detector.svm in Resources */ = {isa = PBXBuildFile; fileRef = 74C93EB11C5F9E3100D9AA9E /* firefox-detector.svm */; };
		74C93EB61C5FA0E100D9AA9E /* SceneKit.framework in Frameworks */ = {isa = PBXBuildFile; fileRef = 74C93EB51C5FA0E100D9AA9E /* SceneKit.framework */; };
		84BC81FB1CA40CFE00416E78 /* shape_predictor_68_face_landmarks.dat in Resources */ = {isa = PBXBuildFile; fileRef = 84BC81FA1CA40CFE00416E78 /* shape_predictor_68_face_landmarks.dat */; };
		84BCAD6D1CABE9F100B355D1 /* libdlib.a in Frameworks */ = {isa = PBXBuildFile; fileRef = 84BCAD6C1CABE9F100B355D1 /* libdlib.a */; };
		9B8277F9059260E88EE3D0C4 /* libPods-Object Detector.a in Frameworks */ = {isa = PBXBuildFile; fileRef = 524FB1A1E74037121E980DF2 /* libPods-Object Detector.a */; };
/* End PBXBuildFile section */

/* Begin PBXContainerItemProxy section */
		74724B921C5E39BE00AE24D3 /* PBXContainerItemProxy */ = {
			isa = PBXContainerItemProxy;
			containerPortal = 74724B701C5E39BE00AE24D3 /* Project object */;
			proxyType = 1;
			remoteGlobalIDString = 74724B771C5E39BE00AE24D3;
			remoteInfo = "Object Detector";
		};
/* End PBXContainerItemProxy section */

/* Begin PBXFileReference section */
		524FB1A1E74037121E980DF2 /* libPods-Object Detector.a */ = {isa = PBXFileReference; explicitFileType = archive.ar; includeInIndex = 0; path = "libPods-Object Detector.a"; sourceTree = BUILT_PRODUCTS_DIR; };
		74724B781C5E39BE00AE24D3 /* Object Detector.app */ = {isa = PBXFileReference; explicitFileType = wrapper.application; includeInIndex = 0; path = "Object Detector.app"; sourceTree = BUILT_PRODUCTS_DIR; };
		74724B7C1C5E39BE00AE24D3 /* main.m */ = {isa = PBXFileReference; lastKnownFileType = sourcecode.c.objc; path = main.m; sourceTree = "<group>"; };
		74724B7E1C5E39BE00AE24D3 /* AppDelegate.h */ = {isa = PBXFileReference; lastKnownFileType = sourcecode.c.h; path = AppDelegate.h; sourceTree = "<group>"; };
		74724B7F1C5E39BE00AE24D3 /* AppDelegate.mm */ = {isa = PBXFileReference; lastKnownFileType = sourcecode.cpp.objcpp; path = AppDelegate.mm; sourceTree = "<group>"; };
		74724B811C5E39BE00AE24D3 /* ViewController.h */ = {isa = PBXFileReference; lastKnownFileType = sourcecode.c.h; path = ViewController.h; sourceTree = "<group>"; };
		74724B821C5E39BE00AE24D3 /* ViewController.mm */ = {isa = PBXFileReference; lastKnownFileType = sourcecode.cpp.objcpp; path = ViewController.mm; sourceTree = "<group>"; };
		74724B851C5E39BE00AE24D3 /* Base */ = {isa = PBXFileReference; lastKnownFileType = file.storyboard; name = Base; path = Base.lproj/Main.storyboard; sourceTree = "<group>"; };
		74724B871C5E39BE00AE24D3 /* Assets.xcassets */ = {isa = PBXFileReference; lastKnownFileType = folder.assetcatalog; path = Assets.xcassets; sourceTree = "<group>"; };
		74724B8A1C5E39BE00AE24D3 /* Base */ = {isa = PBXFileReference; lastKnownFileType = file.storyboard; name = Base; path = Base.lproj/LaunchScreen.storyboard; sourceTree = "<group>"; };
		74724B8C1C5E39BE00AE24D3 /* Info.plist */ = {isa = PBXFileReference; lastKnownFileType = text.plist.xml; path = Info.plist; sourceTree = "<group>"; };
		74724B911C5E39BE00AE24D3 /* Object DetectorTests.xctest */ = {isa = PBXFileReference; explicitFileType = wrapper.cfbundle; includeInIndex = 0; path = "Object DetectorTests.xctest"; sourceTree = BUILT_PRODUCTS_DIR; };
		74724B951C5E39BE00AE24D3 /* Object_DetectorTests.m */ = {isa = PBXFileReference; lastKnownFileType = sourcecode.c.objc; path = Object_DetectorTests.m; sourceTree = "<group>"; };
		74724B971C5E39BE00AE24D3 /* Info.plist */ = {isa = PBXFileReference; lastKnownFileType = text.plist.xml; path = Info.plist; sourceTree = "<group>"; };
		7483AC271C60ACEB00090176 /* BMHomeViewController.h */ = {isa = PBXFileReference; fileEncoding = 4; lastKnownFileType = sourcecode.c.h; path = BMHomeViewController.h; sourceTree = "<group>"; };
		7483AC281C60ACEB00090176 /* BMHomeViewController.m */ = {isa = PBXFileReference; fileEncoding = 4; lastKnownFileType = sourcecode.c.objc; path = BMHomeViewController.m; sourceTree = "<group>"; };
		74B5AFDF1C6A39AF00D776F5 /* openhand-detector.svm */ = {isa = PBXFileReference; lastKnownFileType = file; path = "openhand-detector.svm"; sourceTree = "<group>"; };
		74BD2D261C5E756C007C2CB3 /* BMHelper.h */ = {isa = PBXFileReference; fileEncoding = 4; lastKnownFileType = sourcecode.c.h; path = BMHelper.h; sourceTree = "<group>"; };
		74BD2D271C5E756C007C2CB3 /* BMHelper.mm */ = {isa = PBXFileReference; fileEncoding = 4; lastKnownFileType = sourcecode.cpp.objcpp; path = BMHelper.mm; sourceTree = "<group>"; };
		74BD2D291C5E75A4007C2CB3 /* BMVideoLayer.h */ = {isa = PBXFileReference; fileEncoding = 4; lastKnownFileType = sourcecode.c.h; path = BMVideoLayer.h; sourceTree = "<group>"; };
		74BD2D2A1C5E75A4007C2CB3 /* BMVideoLayer.mm */ = {isa = PBXFileReference; fileEncoding = 4; lastKnownFileType = sourcecode.cpp.objcpp; path = BMVideoLayer.mm; sourceTree = "<group>"; };
		74BD2D321C5E799A007C2CB3 /* BMVideoInput.h */ = {isa = PBXFileReference; fileEncoding = 4; lastKnownFileType = sourcecode.c.h; path = BMVideoInput.h; sourceTree = "<group>"; };
		74BD2D331C5E799A007C2CB3 /* BMVideoInput.mm */ = {isa = PBXFileReference; fileEncoding = 4; lastKnownFileType = sourcecode.cpp.objcpp; path = BMVideoInput.mm; sourceTree = "<group>"; };
		74BD2D401C5EB4BB007C2CB3 /* BMObjectDetector.h */ = {isa = PBXFileReference; fileEncoding = 4; lastKnownFileType = sourcecode.c.h; path = BMObjectDetector.h; sourceTree = "<group>"; };
		74BD2D411C5EB4BB007C2CB3 /* BMObjectDetector.mm */ = {isa = PBXFileReference; fileEncoding = 4; lastKnownFileType = sourcecode.cpp.objcpp; path = BMObjectDetector.mm; sourceTree = "<group>"; };
		74BD2D4C1C5EBB63007C2CB3 /* BMObjectDetectorVideoPlugin.h */ = {isa = PBXFileReference; fileEncoding = 4; lastKnownFileType = sourcecode.c.h; path = BMObjectDetectorVideoPlugin.h; sourceTree = "<group>"; };
		74BD2D4D1C5EBB63007C2CB3 /* BMObjectDetectorVideoPlugin.mm */ = {isa = PBXFileReference; fileEncoding = 4; lastKnownFileType = sourcecode.cpp.objcpp; path = BMObjectDetectorVideoPlugin.mm; sourceTree = "<group>"; };
		74BD2D4F1C5EBBCE007C2CB3 /* face-detector.svm */ = {isa = PBXFileReference; lastKnownFileType = file; path = "face-detector.svm"; sourceTree = "<group>"; };
		74C21FF41C5FE054006D1E8D /* BMObjectView.h */ = {isa = PBXFileReference; fileEncoding = 4; lastKnownFileType = sourcecode.c.h; path = BMObjectView.h; sourceTree = "<group>"; };
		74C21FF51C5FE054006D1E8D /* BMObjectView.m */ = {isa = PBXFileReference; fileEncoding = 4; lastKnownFileType = sourcecode.c.objc; path = BMObjectView.m; sourceTree = "<group>"; };
		74C21FF71C5FE17E006D1E8D /* scene.scnassets */ = {isa = PBXFileReference; lastKnownFileType = wrapper.scnassets; path = scene.scnassets; sourceTree = "<group>"; };
		74C93EAA1C5F690000D9AA9E /* BMVideoPlugin.h */ = {isa = PBXFileReference; fileEncoding = 4; lastKnownFileType = sourcecode.c.h; path = BMVideoPlugin.h; sourceTree = "<group>"; };
		74C93EB11C5F9E3100D9AA9E /* firefox-detector.svm */ = {isa = PBXFileReference; lastKnownFileType = file; path = "firefox-detector.svm"; sourceTree = "<group>"; };
		74C93EB51C5FA0E100D9AA9E /* SceneKit.framework */ = {isa = PBXFileReference; lastKnownFileType = wrapper.framework; name = SceneKit.framework; path = System/Library/Frameworks/SceneKit.framework; sourceTree = SDKROOT; };
		84BC81FA1CA40CFE00416E78 /* shape_predictor_68_face_landmarks.dat */ = {isa = PBXFileReference; lastKnownFileType = file; path = shape_predictor_68_face_landmarks.dat; sourceTree = "<group>"; };
		84BCAD6C1CABE9F100B355D1 /* libdlib.a */ = {isa = PBXFileReference; lastKnownFileType = archive.ar; path = libdlib.a; sourceTree = "<group>"; };
		84EC8107D027F7A414922564 /* Pods-Object Detector.debug.xcconfig */ = {isa = PBXFileReference; includeInIndex = 1; lastKnownFileType = text.xcconfig; name = "Pods-Object Detector.debug.xcconfig"; path = "Pods/Target Support Files/Pods-Object Detector/Pods-Object Detector.debug.xcconfig"; sourceTree = "<group>"; };
		C31C18BD1245D209DDC297A7 /* Pods-Object Detector.release.xcconfig */ = {isa = PBXFileReference; includeInIndex = 1; lastKnownFileType = text.xcconfig; name = "Pods-Object Detector.release.xcconfig"; path = "Pods/Target Support Files/Pods-Object Detector/Pods-Object Detector.release.xcconfig"; sourceTree = "<group>"; };
/* End PBXFileReference section */

/* Begin PBXFrameworksBuildPhase section */
		74724B751C5E39BE00AE24D3 /* Frameworks */ = {
			isa = PBXFrameworksBuildPhase;
			buildActionMask = 2147483647;
			files = (
				74C93EB61C5FA0E100D9AA9E /* SceneKit.framework in Frameworks */,
				9B8277F9059260E88EE3D0C4 /* libPods-Object Detector.a in Frameworks */,
				84BCAD6D1CABE9F100B355D1 /* libdlib.a in Frameworks */,
			);
			runOnlyForDeploymentPostprocessing = 0;
		};
		74724B8E1C5E39BE00AE24D3 /* Frameworks */ = {
			isa = PBXFrameworksBuildPhase;
			buildActionMask = 2147483647;
			files = (
			);
			runOnlyForDeploymentPostprocessing = 0;
		};
/* End PBXFrameworksBuildPhase section */

/* Begin PBXGroup section */
		646B2050A1D10CBAA0A42A93 /* Frameworks */ = {
			isa = PBXGroup;
			children = (
				74C93EB51C5FA0E100D9AA9E /* SceneKit.framework */,
				524FB1A1E74037121E980DF2 /* libPods-Object Detector.a */,
			);
			name = Frameworks;
			sourceTree = "<group>";
		};
		74724B6F1C5E39BE00AE24D3 = {
			isa = PBXGroup;
			children = (
				74724B7A1C5E39BE00AE24D3 /* Object Detector */,
				74724B941C5E39BE00AE24D3 /* Object DetectorTests */,
				74724B791C5E39BE00AE24D3 /* Products */,
				C5967891B50D6CAAA5C0FE7E /* Pods */,
				646B2050A1D10CBAA0A42A93 /* Frameworks */,
			);
			sourceTree = "<group>";
		};
		74724B791C5E39BE00AE24D3 /* Products */ = {
			isa = PBXGroup;
			children = (
				74724B781C5E39BE00AE24D3 /* Object Detector.app */,
				74724B911C5E39BE00AE24D3 /* Object DetectorTests.xctest */,
			);
			name = Products;
			sourceTree = "<group>";
		};
		74724B7A1C5E39BE00AE24D3 /* Object Detector */ = {
			isa = PBXGroup;
			children = (
				74BD2D261C5E756C007C2CB3 /* BMHelper.h */,
				74BD2D271C5E756C007C2CB3 /* BMHelper.mm */,
				74BD2D351C5EB06B007C2CB3 /* DLIB */,
				74BD2D1D1C5E752A007C2CB3 /* Video Input */,
				74724B7E1C5E39BE00AE24D3 /* AppDelegate.h */,
				74724B7F1C5E39BE00AE24D3 /* AppDelegate.mm */,
				74724B811C5E39BE00AE24D3 /* ViewController.h */,
				74724B821C5E39BE00AE24D3 /* ViewController.mm */,
				7483AC271C60ACEB00090176 /* BMHomeViewController.h */,
				7483AC281C60ACEB00090176 /* BMHomeViewController.m */,
				74C21FF41C5FE054006D1E8D /* BMObjectView.h */,
				74C21FF51C5FE054006D1E8D /* BMObjectView.m */,
				74724B841C5E39BE00AE24D3 /* Main.storyboard */,
				74724B871C5E39BE00AE24D3 /* Assets.xcassets */,
				74C21FF71C5FE17E006D1E8D /* scene.scnassets */,
				74724B891C5E39BE00AE24D3 /* LaunchScreen.storyboard */,
				74724B8C1C5E39BE00AE24D3 /* Info.plist */,
				74724B7B1C5E39BE00AE24D3 /* Supporting Files */,
			);
			path = "Object Detector";
			sourceTree = "<group>";
		};
		74724B7B1C5E39BE00AE24D3 /* Supporting Files */ = {
			isa = PBXGroup;
			children = (
				74724BA21C5E3C3800AE24D3 /* DLIB */,
				74724B7C1C5E39BE00AE24D3 /* main.m */,
			);
			name = "Supporting Files";
			sourceTree = "<group>";
		};
		74724B941C5E39BE00AE24D3 /* Object DetectorTests */ = {
			isa = PBXGroup;
			children = (
				74724B951C5E39BE00AE24D3 /* Object_DetectorTests.m */,
				74724B971C5E39BE00AE24D3 /* Info.plist */,
			);
			path = "Object DetectorTests";
			sourceTree = "<group>";
		};
		74724BA21C5E3C3800AE24D3 /* DLIB */ = {
			isa = PBXGroup;
			children = (
				74BD2D4F1C5EBBCE007C2CB3 /* face-detector.svm */,
				74C93EB11C5F9E3100D9AA9E /* firefox-detector.svm */,
				74B5AFDF1C6A39AF00D776F5 /* openhand-detector.svm */,
				84BC81FA1CA40CFE00416E78 /* shape_predictor_68_face_landmarks.dat */,
				84BCAD6C1CABE9F100B355D1 /* libdlib.a */,
			);
			name = DLIB;
			sourceTree = "<group>";
		};
		74BD2D1D1C5E752A007C2CB3 /* Video Input */ = {
			isa = PBXGroup;
			children = (
				74BD2D321C5E799A007C2CB3 /* BMVideoInput.h */,
				74BD2D331C5E799A007C2CB3 /* BMVideoInput.mm */,
				74BD2D291C5E75A4007C2CB3 /* BMVideoLayer.h */,
				74BD2D2A1C5E75A4007C2CB3 /* BMVideoLayer.mm */,
				74BD2D1E1C5E7531007C2CB3 /* Plugins */,
			);
			name = "Video Input";
			sourceTree = "<group>";
		};
		74BD2D1E1C5E7531007C2CB3 /* Plugins */ = {
			isa = PBXGroup;
			children = (
				74C93EAA1C5F690000D9AA9E /* BMVideoPlugin.h */,
				74BD2D4C1C5EBB63007C2CB3 /* BMObjectDetectorVideoPlugin.h */,
				74BD2D4D1C5EBB63007C2CB3 /* BMObjectDetectorVideoPlugin.mm */,
			);
			name = Plugins;
			sourceTree = "<group>";
		};
		74BD2D351C5EB06B007C2CB3 /* DLIB */ = {
			isa = PBXGroup;
			children = (
				74BD2D401C5EB4BB007C2CB3 /* BMObjectDetector.h */,
				74BD2D411C5EB4BB007C2CB3 /* BMObjectDetector.mm */,
			);
			name = DLIB;
			sourceTree = "<group>";
		};
		C5967891B50D6CAAA5C0FE7E /* Pods */ = {
			isa = PBXGroup;
			children = (
				84EC8107D027F7A414922564 /* Pods-Object Detector.debug.xcconfig */,
				C31C18BD1245D209DDC297A7 /* Pods-Object Detector.release.xcconfig */,
			);
			name = Pods;
			sourceTree = "<group>";
		};
/* End PBXGroup section */

/* Begin PBXNativeTarget section */
		74724B771C5E39BE00AE24D3 /* Object Detector */ = {
			isa = PBXNativeTarget;
			buildConfigurationList = 74724B9A1C5E39BE00AE24D3 /* Build configuration list for PBXNativeTarget "Object Detector" */;
			buildPhases = (
				ADCFE43164F8E7B89D054D7E /* Check Pods Manifest.lock */,
				74724B741C5E39BE00AE24D3 /* Sources */,
				74724B751C5E39BE00AE24D3 /* Frameworks */,
				74724B761C5E39BE00AE24D3 /* Resources */,
				94F36693FA431F16E26ADEBC /* Embed Pods Frameworks */,
				602BC7B0F741555FA85F4CD0 /* Copy Pods Resources */,
			);
			buildRules = (
			);
			dependencies = (
			);
			name = "Object Detector";
			productName = "Object Detector";
			productReference = 74724B781C5E39BE00AE24D3 /* Object Detector.app */;
			productType = "com.apple.product-type.application";
		};
		74724B901C5E39BE00AE24D3 /* Object DetectorTests */ = {
			isa = PBXNativeTarget;
			buildConfigurationList = 74724B9D1C5E39BE00AE24D3 /* Build configuration list for PBXNativeTarget "Object DetectorTests" */;
			buildPhases = (
				74724B8D1C5E39BE00AE24D3 /* Sources */,
				74724B8E1C5E39BE00AE24D3 /* Frameworks */,
				74724B8F1C5E39BE00AE24D3 /* Resources */,
			);
			buildRules = (
			);
			dependencies = (
				74724B931C5E39BE00AE24D3 /* PBXTargetDependency */,
			);
			name = "Object DetectorTests";
			productName = "Object DetectorTests";
			productReference = 74724B911C5E39BE00AE24D3 /* Object DetectorTests.xctest */;
			productType = "com.apple.product-type.bundle.unit-test";
		};
/* End PBXNativeTarget section */

/* Begin PBXProject section */
		74724B701C5E39BE00AE24D3 /* Project object */ = {
			isa = PBXProject;
			attributes = {
				LastUpgradeCheck = 0720;
				ORGANIZATIONNAME = "bmore digital ltd";
				TargetAttributes = {
					74724B771C5E39BE00AE24D3 = {
						CreatedOnToolsVersion = 7.2;
						DevelopmentTeam = 5F3Z23RHMX;
					};
					74724B901C5E39BE00AE24D3 = {
						CreatedOnToolsVersion = 7.2;
						TestTargetID = 74724B771C5E39BE00AE24D3;
					};
				};
			};
			buildConfigurationList = 74724B731C5E39BE00AE24D3 /* Build configuration list for PBXProject "Object Detector" */;
			compatibilityVersion = "Xcode 3.2";
			developmentRegion = English;
			hasScannedForEncodings = 0;
			knownRegions = (
				en,
				Base,
			);
			mainGroup = 74724B6F1C5E39BE00AE24D3;
			productRefGroup = 74724B791C5E39BE00AE24D3 /* Products */;
			projectDirPath = "";
			projectRoot = "";
			targets = (
				74724B771C5E39BE00AE24D3 /* Object Detector */,
				74724B901C5E39BE00AE24D3 /* Object DetectorTests */,
			);
		};
/* End PBXProject section */

/* Begin PBXResourcesBuildPhase section */
		74724B761C5E39BE00AE24D3 /* Resources */ = {
			isa = PBXResourcesBuildPhase;
			buildActionMask = 2147483647;
			files = (
				74C21FF81C5FE17E006D1E8D /* scene.scnassets in Resources */,
				74724B8B1C5E39BE00AE24D3 /* LaunchScreen.storyboard in Resources */,
				74B5AFE01C6A39AF00D776F5 /* openhand-detector.svm in Resources */,
				74724B881C5E39BE00AE24D3 /* Assets.xcassets in Resources */,
				74724B861C5E39BE00AE24D3 /* Main.storyboard in Resources */,
				74C93EB21C5F9E3100D9AA9E /* firefox-detector.svm in Resources */,
				74BD2D501C5EBBCE007C2CB3 /* face-detector.svm in Resources */,
				84BC81FB1CA40CFE00416E78 /* shape_predictor_68_face_landmarks.dat in Resources */,
			);
			runOnlyForDeploymentPostprocessing = 0;
		};
		74724B8F1C5E39BE00AE24D3 /* Resources */ = {
			isa = PBXResourcesBuildPhase;
			buildActionMask = 2147483647;
			files = (
			);
			runOnlyForDeploymentPostprocessing = 0;
		};
/* End PBXResourcesBuildPhase section */

/* Begin PBXShellScriptBuildPhase section */
		602BC7B0F741555FA85F4CD0 /* Copy Pods Resources */ = {
			isa = PBXShellScriptBuildPhase;
			buildActionMask = 2147483647;
			files = (
			);
			inputPaths = (
			);
			name = "Copy Pods Resources";
			outputPaths = (
			);
			runOnlyForDeploymentPostprocessing = 0;
			shellPath = /bin/sh;
			shellScript = "\"${SRCROOT}/Pods/Target Support Files/Pods-Object Detector/Pods-Object Detector-resources.sh\"\n";
			showEnvVarsInLog = 0;
		};
		94F36693FA431F16E26ADEBC /* Embed Pods Frameworks */ = {
			isa = PBXShellScriptBuildPhase;
			buildActionMask = 2147483647;
			files = (
			);
			inputPaths = (
			);
			name = "Embed Pods Frameworks";
			outputPaths = (
			);
			runOnlyForDeploymentPostprocessing = 0;
			shellPath = /bin/sh;
			shellScript = "\"${SRCROOT}/Pods/Target Support Files/Pods-Object Detector/Pods-Object Detector-frameworks.sh\"\n";
			showEnvVarsInLog = 0;
		};
		ADCFE43164F8E7B89D054D7E /* Check Pods Manifest.lock */ = {
			isa = PBXShellScriptBuildPhase;
			buildActionMask = 2147483647;
			files = (
			);
			inputPaths = (
			);
			name = "Check Pods Manifest.lock";
			outputPaths = (
			);
			runOnlyForDeploymentPostprocessing = 0;
			shellPath = /bin/sh;
			shellScript = "diff \"${PODS_ROOT}/../Podfile.lock\" \"${PODS_ROOT}/Manifest.lock\" > /dev/null\nif [[ $? != 0 ]] ; then\n    cat << EOM\nerror: The sandbox is not in sync with the Podfile.lock. Run 'pod install' or update your CocoaPods installation.\nEOM\n    exit 1\nfi\n";
			showEnvVarsInLog = 0;
		};
/* End PBXShellScriptBuildPhase section */

/* Begin PBXSourcesBuildPhase section */
		74724B741C5E39BE00AE24D3 /* Sources */ = {
			isa = PBXSourcesBuildPhase;
			buildActionMask = 2147483647;
			files = (
				74BD2D341C5E799A007C2CB3 /* BMVideoInput.mm in Sources */,
				74BD2D4E1C5EBB63007C2CB3 /* BMObjectDetectorVideoPlugin.mm in Sources */,
				7483AC291C60ACEB00090176 /* BMHomeViewController.m in Sources */,
				74BD2D2B1C5E75A4007C2CB3 /* BMVideoLayer.mm in Sources */,
				74C21FF61C5FE054006D1E8D /* BMObjectView.m in Sources */,
				74724B831C5E39BE00AE24D3 /* ViewController.mm in Sources */,
				74BD2D281C5E756C007C2CB3 /* BMHelper.mm in Sources */,
				74724B801C5E39BE00AE24D3 /* AppDelegate.mm in Sources */,
				74BD2D421C5EB4BB007C2CB3 /* BMObjectDetector.mm in Sources */,
				74724B7D1C5E39BE00AE24D3 /* main.m in Sources */,
			);
			runOnlyForDeploymentPostprocessing = 0;
		};
		74724B8D1C5E39BE00AE24D3 /* Sources */ = {
			isa = PBXSourcesBuildPhase;
			buildActionMask = 2147483647;
			files = (
				74724B961C5E39BE00AE24D3 /* Object_DetectorTests.m in Sources */,
			);
			runOnlyForDeploymentPostprocessing = 0;
		};
/* End PBXSourcesBuildPhase section */

/* Begin PBXTargetDependency section */
		74724B931C5E39BE00AE24D3 /* PBXTargetDependency */ = {
			isa = PBXTargetDependency;
			target = 74724B771C5E39BE00AE24D3 /* Object Detector */;
			targetProxy = 74724B921C5E39BE00AE24D3 /* PBXContainerItemProxy */;
		};
/* End PBXTargetDependency section */

/* Begin PBXVariantGroup section */
		74724B841C5E39BE00AE24D3 /* Main.storyboard */ = {
			isa = PBXVariantGroup;
			children = (
				74724B851C5E39BE00AE24D3 /* Base */,
			);
			name = Main.storyboard;
			sourceTree = "<group>";
		};
		74724B891C5E39BE00AE24D3 /* LaunchScreen.storyboard */ = {
			isa = PBXVariantGroup;
			children = (
				74724B8A1C5E39BE00AE24D3 /* Base */,
			);
			name = LaunchScreen.storyboard;
			sourceTree = "<group>";
		};
/* End PBXVariantGroup section */

/* Begin XCBuildConfiguration section */
		74724B981C5E39BE00AE24D3 /* Debug */ = {
			isa = XCBuildConfiguration;
			buildSettings = {
				ALWAYS_SEARCH_USER_PATHS = NO;
				CLANG_CXX_LANGUAGE_STANDARD = "gnu++0x";
				CLANG_CXX_LIBRARY = "libc++";
				CLANG_ENABLE_MODULES = YES;
				CLANG_ENABLE_OBJC_ARC = YES;
				CLANG_WARN_BOOL_CONVERSION = YES;
				CLANG_WARN_CONSTANT_CONVERSION = YES;
				CLANG_WARN_DIRECT_OBJC_ISA_USAGE = YES_ERROR;
				CLANG_WARN_EMPTY_BODY = YES;
				CLANG_WARN_ENUM_CONVERSION = YES;
				CLANG_WARN_INT_CONVERSION = YES;
				CLANG_WARN_OBJC_ROOT_CLASS = YES_ERROR;
				CLANG_WARN_UNREACHABLE_CODE = YES;
				CLANG_WARN__DUPLICATE_METHOD_MATCH = YES;
				"CODE_SIGN_IDENTITY[sdk=iphoneos*]" = "iPhone Developer";
				COPY_PHASE_STRIP = NO;
				DEBUG_INFORMATION_FORMAT = dwarf;
				ENABLE_STRICT_OBJC_MSGSEND = YES;
				ENABLE_TESTABILITY = YES;
				GCC_C_LANGUAGE_STANDARD = gnu99;
				GCC_DYNAMIC_NO_PIC = NO;
				GCC_NO_COMMON_BLOCKS = YES;
				GCC_OPTIMIZATION_LEVEL = 0;
				GCC_PREPROCESSOR_DEFINITIONS = (
					"DEBUG=1",
					"$(inherited)",
				);
				GCC_WARN_64_TO_32_BIT_CONVERSION = YES;
				GCC_WARN_ABOUT_RETURN_TYPE = YES_ERROR;
				GCC_WARN_UNDECLARED_SELECTOR = YES;
				GCC_WARN_UNINITIALIZED_AUTOS = YES_AGGRESSIVE;
				GCC_WARN_UNUSED_FUNCTION = YES;
				GCC_WARN_UNUSED_VARIABLE = YES;
				IPHONEOS_DEPLOYMENT_TARGET = 9.2;
				MTL_ENABLE_DEBUG_INFO = YES;
				ONLY_ACTIVE_ARCH = YES;
				SDKROOT = iphoneos;
				TARGETED_DEVICE_FAMILY = "1,2";
			};
			name = Debug;
		};
		74724B991C5E39BE00AE24D3 /* Release */ = {
			isa = XCBuildConfiguration;
			buildSettings = {
				ALWAYS_SEARCH_USER_PATHS = NO;
				CLANG_CXX_LANGUAGE_STANDARD = "gnu++0x";
				CLANG_CXX_LIBRARY = "libc++";
				CLANG_ENABLE_MODULES = YES;
				CLANG_ENABLE_OBJC_ARC = YES;
				CLANG_WARN_BOOL_CONVERSION = YES;
				CLANG_WARN_CONSTANT_CONVERSION = YES;
				CLANG_WARN_DIRECT_OBJC_ISA_USAGE = YES_ERROR;
				CLANG_WARN_EMPTY_BODY = YES;
				CLANG_WARN_ENUM_CONVERSION = YES;
				CLANG_WARN_INT_CONVERSION = YES;
				CLANG_WARN_OBJC_ROOT_CLASS = YES_ERROR;
				CLANG_WARN_UNREACHABLE_CODE = YES;
				CLANG_WARN__DUPLICATE_METHOD_MATCH = YES;
				"CODE_SIGN_IDENTITY[sdk=iphoneos*]" = "iPhone Developer";
				COPY_PHASE_STRIP = NO;
				DEBUG_INFORMATION_FORMAT = "dwarf-with-dsym";
				ENABLE_NS_ASSERTIONS = NO;
				ENABLE_STRICT_OBJC_MSGSEND = YES;
				GCC_C_LANGUAGE_STANDARD = gnu99;
				GCC_NO_COMMON_BLOCKS = YES;
				GCC_WARN_64_TO_32_BIT_CONVERSION = YES;
				GCC_WARN_ABOUT_RETURN_TYPE = YES_ERROR;
				GCC_WARN_UNDECLARED_SELECTOR = YES;
				GCC_WARN_UNINITIALIZED_AUTOS = YES_AGGRESSIVE;
				GCC_WARN_UNUSED_FUNCTION = YES;
				GCC_WARN_UNUSED_VARIABLE = YES;
				IPHONEOS_DEPLOYMENT_TARGET = 9.2;
				MTL_ENABLE_DEBUG_INFO = NO;
				SDKROOT = iphoneos;
				TARGETED_DEVICE_FAMILY = "1,2";
				VALIDATE_PRODUCT = YES;
			};
			name = Release;
		};
		74724B9B1C5E39BE00AE24D3 /* Debug */ = {
			isa = XCBuildConfiguration;
			baseConfigurationReference = 84EC8107D027F7A414922564 /* Pods-Object Detector.debug.xcconfig */;
			buildSettings = {
				ASSETCATALOG_COMPILER_APPICON_NAME = AppIcon;
				CLANG_CXX_LANGUAGE_STANDARD = "compiler-default";
				CLANG_CXX_LIBRARY = "compiler-default";
				CODE_SIGN_IDENTITY = "iPhone Developer";
				ENABLE_BITCODE = NO;
				ENABLE_NS_ASSERTIONS = YES;
				ENABLE_STRICT_OBJC_MSGSEND = NO;
				GCC_PREPROCESSOR_DEFINITIONS = (
					"$(inherited)",
					"COCOAPODS=1",
					"'CMAKE_INTDIR=\"$(CONFIGURATION)$(EFFECTIVE_PLATFORM_NAME)\"'",
				);
				HEADER_SEARCH_PATHS = (
					"$(inherited)",
					"\"${PODS_ROOT}/Headers/Public\"",
					"\"${PODS_ROOT}/Headers/Public/OpenCV\"",
					/usr/local/include,
					/usr/local/lib/DLIB/..,
					/usr/local/include/opencv,
				);
				INFOPLIST_FILE = "Object Detector/Info.plist";
				LD_RUNPATH_SEARCH_PATHS = "$(inherited) @executable_path/Frameworks";
				LIBRARY_SEARCH_PATHS = "$(PROJECT_DIR)/Object Detector";
				OTHER_CPLUSPLUSFLAGS = (
					"$(OTHER_CFLAGS)",
					"-DDLIB_PNG_SUPPORT",
					"-DDLIB_JPEG_SUPPORT",
					"-DDLIB_USE_BLAS",
					"-DDLIB_USE_LAPACK",
					"-DENABLE_ASSERTS",
				);
				OTHER_LDFLAGS = (
					"$(inherited)",
					"-ObjC",
					"-l\"stdc++\"",
					"-framework",
					"\"AVFoundation\"",
					"-framework",
					"\"Accelerate\"",
					"-framework",
					"\"AssetsLibrary\"",
					"-framework",
					"\"CoreGraphics\"",
					"-framework",
					"\"CoreImage\"",
					"-framework",
					"\"CoreMedia\"",
					"-framework",
					"\"CoreVideo\"",
					"-framework",
					"\"Foundation\"",
					"-framework",
					"\"QuartzCore\"",
					"-framework",
					"\"UIKit\"",
					"-framework",
					"\"opencv2\"",
					/usr/lib/libpthread.dylib,
					/usr/lib/liblapack.dylib,
					/usr/local/lib/libjpeg.dylib,
					/usr/local/lib/libpng.dylib,
					"-Wl,-search_paths_first",
					/usr/lib/libsqlite3.dylib,
					/usr/lib/libcblas.dylib,
					/usr/local/lib/DLIB/iOS/libdlib.a,
					"-Wl,-headerpad_max_install_names",
				);
				PRODUCT_BUNDLE_IDENTIFIER = "com.bmore.Object-Detector";
				PRODUCT_NAME = "$(TARGET_NAME)";
				TARGETED_DEVICE_FAMILY = "1,2";
				USE_HEADERMAP = NO;
				WARNING_CFLAGS = (
					"-Wmost",
					"-Wno-four-char-constants",
					"-Wno-unknown-pragmas",
					"$(inherited)",
				);
			};
			name = Debug;
		};
		74724B9C1C5E39BE00AE24D3 /* Release */ = {
			isa = XCBuildConfiguration;
			baseConfigurationReference = C31C18BD1245D209DDC297A7 /* Pods-Object Detector.release.xcconfig */;
			buildSettings = {
				ASSETCATALOG_COMPILER_APPICON_NAME = AppIcon;
				CLANG_CXX_LANGUAGE_STANDARD = "compiler-default";
				CLANG_CXX_LIBRARY = "compiler-default";
				CODE_SIGN_IDENTITY = "iPhone Developer";
				ENABLE_BITCODE = NO;
				ENABLE_NS_ASSERTIONS = YES;
				ENABLE_STRICT_OBJC_MSGSEND = NO;
				GCC_GENERATE_DEBUGGING_SYMBOLS = NO;
				GCC_OPTIMIZATION_LEVEL = 3;
				GCC_PREPROCESSOR_DEFINITIONS = (
					"$(inherited)",
					"COCOAPODS=1",
					"'CMAKE_INTDIR=\"$(CONFIGURATION)$(EFFECTIVE_PLATFORM_NAME)\"'",
				);
				HEADER_SEARCH_PATHS = (
					"$(inherited)",
					"\"${PODS_ROOT}/Headers/Public\"",
					"\"${PODS_ROOT}/Headers/Public/OpenCV\"",
					/usr/local/include,
					/usr/local/lib/DLIB/..,
					/usr/local/include/opencv,
				);
				INFOPLIST_FILE = "Object Detector/Info.plist";
				LD_RUNPATH_SEARCH_PATHS = "$(inherited) @executable_path/Frameworks";
				LIBRARY_SEARCH_PATHS = "$(PROJECT_DIR)/Object Detector";
				OTHER_CPLUSPLUSFLAGS = (
					"$(OTHER_CFLAGS)",
					"-DDLIB_PNG_SUPPORT",
					"-DDLIB_JPEG_SUPPORT",
					"-DDLIB_USE_BLAS",
					"-DDLIB_USE_LAPACK",
					"-DNDEBUG",
				);
				OTHER_LDFLAGS = (
					"$(inherited)",
					"-ObjC",
					"-l\"stdc++\"",
					"-framework",
					"\"AVFoundation\"",
					"-framework",
					"\"Accelerate\"",
					"-framework",
					"\"AssetsLibrary\"",
					"-framework",
					"\"CoreGraphics\"",
					"-framework",
					"\"CoreImage\"",
					"-framework",
					"\"CoreMedia\"",
					"-framework",
					"\"CoreVideo\"",
					"-framework",
					"\"Foundation\"",
					"-framework",
					"\"QuartzCore\"",
					"-framework",
					"\"UIKit\"",
					"-framework",
					"\"opencv2\"",
					/usr/lib/libpthread.dylib,
					/usr/lib/liblapack.dylib,
					/usr/local/lib/libjpeg.dylib,
					/usr/local/lib/libpng.dylib,
					"-Wl,-search_paths_first",
					/usr/lib/libsqlite3.dylib,
					/usr/lib/libcblas.dylib,
					/usr/local/lib/DLIB/iOS/libdlib.a,
					"-Wl,-headerpad_max_install_names",
				);
				PRODUCT_BUNDLE_IDENTIFIER = "com.bmore.Object-Detector";
				PRODUCT_NAME = "$(TARGET_NAME)";
				TARGETED_DEVICE_FAMILY = "1,2";
				USE_HEADERMAP = NO;
				WARNING_CFLAGS = (
					"-Wmost",
					"-Wno-four-char-constants",
					"-Wno-unknown-pragmas",
					"$(inherited)",
				);
			};
			name = Release;
		};
		74724B9E1C5E39BE00AE24D3 /* Debug */ = {
			isa = XCBuildConfiguration;
			buildSettings = {
				BUNDLE_LOADER = "$(TEST_HOST)";
				INFOPLIST_FILE = "Object DetectorTests/Info.plist";
				LD_RUNPATH_SEARCH_PATHS = "$(inherited) @executable_path/Frameworks @loader_path/Frameworks";
				PRODUCT_BUNDLE_IDENTIFIER = "com.bmore.Object-DetectorTests";
				PRODUCT_NAME = "$(TARGET_NAME)";
				TEST_HOST = "$(BUILT_PRODUCTS_DIR)/Object Detector.app/Object Detector";
			};
			name = Debug;
		};
		74724B9F1C5E39BE00AE24D3 /* Release */ = {
			isa = XCBuildConfiguration;
			buildSettings = {
				BUNDLE_LOADER = "$(TEST_HOST)";
				INFOPLIST_FILE = "Object DetectorTests/Info.plist";
				LD_RUNPATH_SEARCH_PATHS = "$(inherited) @executable_path/Frameworks @loader_path/Frameworks";
				PRODUCT_BUNDLE_IDENTIFIER = "com.bmore.Object-DetectorTests";
				PRODUCT_NAME = "$(TARGET_NAME)";
				TEST_HOST = "$(BUILT_PRODUCTS_DIR)/Object Detector.app/Object Detector";
			};
			name = Release;
		};
/* End XCBuildConfiguration section */

/* Begin XCConfigurationList section */
		74724B731C5E39BE00AE24D3 /* Build configuration list for PBXProject "Object Detector" */ = {
			isa = XCConfigurationList;
			buildConfigurations = (
				74724B981C5E39BE00AE24D3 /* Debug */,
				74724B991C5E39BE00AE24D3 /* Release */,
			);
			defaultConfigurationIsVisible = 0;
			defaultConfigurationName = Release;
		};
		74724B9A1C5E39BE00AE24D3 /* Build configuration list for PBXNativeTarget "Object Detector" */ = {
			isa = XCConfigurationList;
			buildConfigurations = (
				74724B9B1C5E39BE00AE24D3 /* Debug */,
				74724B9C1C5E39BE00AE24D3 /* Release */,
			);
			defaultConfigurationIsVisible = 0;
			defaultConfigurationName = Release;
		};
		74724B9D1C5E39BE00AE24D3 /* Build configuration list for PBXNativeTarget "Object DetectorTests" */ = {
			isa = XCConfigurationList;
			buildConfigurations = (
				74724B9E1C5E39BE00AE24D3 /* Debug */,
				74724B9F1C5E39BE00AE24D3 /* Release */,
			);
			defaultConfigurationIsVisible = 0;
			defaultConfigurationName = Release;
		};
/* End XCConfigurationList section */
	};
	rootObject = 74724B701C5E39BE00AE24D3 /* Project object */;
}
